
Microsoft Visual Studio Solution File, Format Version 12.00
# Visual Studio Version 17
VisualStudioVersion = 17.2.32630.192
MinimumVisualStudioVersion = 10.0.40219.1
Project("{9A19103F-16F7-4668-BE54-9A1E7A4F7556}") = "websocketserver", "websocketserver\websocketserver.csproj", "{DA09FAB0-B2A4-4396-A4F2-8BA4FB7BE1E8}"
EndProject
Project("{FAE04EC0-301F-11D3-BF4B-00C04F79EFBC}") = "websocketclient", "websocketclient\websocketclient.csproj", "{02476C45-D8C4-4D02-ABE3-577EC30AFE05}"
EndProject
Global
	GlobalSection(SolutionConfigurationPlatforms) = preSolution
		Debug|Any CPU = Debug|Any CPU
		Release|Any CPU = Release|Any CPU
	EndGlobalSection
	GlobalSection(ProjectConfigurationPlatforms) = postSolution
		{DA09FAB0-B2A4-4396-A4F2-8BA4FB7BE1E8}.Debug|Any CPU.ActiveCfg = Debug|Any CPU
		{DA09FAB0-B2A4-4396-A4F2-8BA4FB7BE1E8}.Debug|Any CPU.Build.0 = Debug|Any CPU
		{DA09FAB0-B2A4-4396-A4F2-8BA4FB7BE1E8}.Release|Any CPU.ActiveCfg = Release|Any CPU
		{DA09FAB0-B2A4-4396-A4F2-8BA4FB7BE1E8}.Release|Any CPU.Build.0 = Release|Any CPU
		{02476C45-D8C4-4D02-ABE3-577EC30AFE05}.Debug|Any CPU.ActiveCfg = Debug|Any CPU
		{02476C45-D8C4-4D02-ABE3-577EC30AFE05}.Debug|Any CPU.Build.0 = Debug|Any CPU
		{02476C45-D8C4-4D02-ABE3-577EC30AFE05}.Release|Any CPU.ActiveCfg = Release|Any CPU
		{02476C45-D8C4-4D02-ABE3-577EC30AFE05}.Release|Any CPU.Build.0 = Release|Any CPU
	EndGlobalSection
	GlobalSection(SolutionProperties) = preSolution
		HideSolutionNode = FALSE
	EndGlobalSection
	GlobalSection(ExtensibilityGlobals) = postSolution
		SolutionGuid = {BB86AA2F-8512-4091-B868-FA52E88D42E4}
	EndGlobalSection
EndGlobal
